
Microsoft Visual Studio Solution File, Format Version 12.00
# Visual Studio 15
VisualStudioVersion = 15.0.27428.2037
MinimumVisualStudioVersion = 10.0.40219.1
Project("{FAE04EC0-301F-11D3-BF4B-00C04F79EFBC}") = "NUnitParallelRunner", "NUnitParallelRunner\NUnitParallelRunner.csproj", "{851D43C7-59A6-475B-97C3-7876C997230E}"
EndProject
Global
	GlobalSection(SolutionConfigurationPlatforms) = preSolution
		Debug|Any CPU = Debug|Any CPU
		Release|Any CPU = Release|Any CPU
	EndGlobalSection
	GlobalSection(ProjectConfigurationPlatforms) = postSolution
		{851D43C7-59A6-475B-97C3-7876C997230E}.Debug|Any CPU.ActiveCfg = Debug|Any CPU
		{851D43C7-59A6-475B-97C3-7876C997230E}.Debug|Any CPU.Build.0 = Debug|Any CPU
		{851D43C7-59A6-475B-97C3-7876C997230E}.Release|Any CPU.ActiveCfg = Release|Any CPU
		{851D43C7-59A6-475B-97C3-7876C997230E}.Release|Any CPU.Build.0 = Release|Any CPU
	EndGlobalSection
	GlobalSection(SolutionProperties) = preSolution
		HideSolutionNode = FALSE
	EndGlobalSection
	GlobalSection(ExtensibilityGlobals) = postSolution
		SolutionGuid = {E4C26430-38CB-4B19-86EA-81A4D149BE02}
	EndGlobalSection
EndGlobal
